// !$*UTF8*$!
{
	archiveVersion = 1;
	classes = {
	};
	objectVersion = 50;
	objects = {

/* Begin PBXBuildFile section */
		BE3A028E2503C6D4001CF633 /* SectionHeader.swift in Sources */ = {isa = PBXBuildFile; fileRef = BE3A028D2503C6D4001CF633 /* SectionHeader.swift */; };
		BE3DCDBE2503AF1D00BAA5DE /* DesignerHomesCell.swift in Sources */ = {isa = PBXBuildFile; fileRef = BE3DCDBD2503AF1D00BAA5DE /* DesignerHomesCell.swift */; };
		BE74087F2502CBB900BFC2B5 /* realestate.json in Resources */ = {isa = PBXBuildFile; fileRef = BE74087E2502CBB900BFC2B5 /* realestate.json */; };
		BE7408812502CDA700BFC2B5 /* Apartment.swift in Sources */ = {isa = PBXBuildFile; fileRef = BE7408802502CDA700BFC2B5 /* Apartment.swift */; };
		BE7408842502CE7400BFC2B5 /* Section.swift in Sources */ = {isa = PBXBuildFile; fileRef = BE7408832502CE7400BFC2B5 /* Section.swift */; };
		BE97912725017DC700FF9D66 /* AppDelegate.swift in Sources */ = {isa = PBXBuildFile; fileRef = BE97912625017DC700FF9D66 /* AppDelegate.swift */; };
		BE97912925017DC700FF9D66 /* SceneDelegate.swift in Sources */ = {isa = PBXBuildFile; fileRef = BE97912825017DC700FF9D66 /* SceneDelegate.swift */; };
		BE97912B25017DC700FF9D66 /* ViewController.swift in Sources */ = {isa = PBXBuildFile; fileRef = BE97912A25017DC700FF9D66 /* ViewController.swift */; };
		BE97912E25017DC700FF9D66 /* Main.storyboard in Resources */ = {isa = PBXBuildFile; fileRef = BE97912C25017DC700FF9D66 /* Main.storyboard */; };
		BE97913025017DC900FF9D66 /* Assets.xcassets in Resources */ = {isa = PBXBuildFile; fileRef = BE97912F25017DC900FF9D66 /* Assets.xcassets */; };
		BE97913325017DC900FF9D66 /* LaunchScreen.storyboard in Resources */ = {isa = PBXBuildFile; fileRef = BE97913125017DC900FF9D66 /* LaunchScreen.storyboard */; };
		BE97913B2501809500FF9D66 /* Montserrat-Medium.ttf in Resources */ = {isa = PBXBuildFile; fileRef = BE97913A2501809500FF9D66 /* Montserrat-Medium.ttf */; };
		BE97913D2501821600FF9D66 /* MainTabBarController.swift in Sources */ = {isa = PBXBuildFile; fileRef = BE97913C2501821600FF9D66 /* MainTabBarController.swift */; };
		BE97913F250182B300FF9D66 /* ExploreViewController.swift in Sources */ = {isa = PBXBuildFile; fileRef = BE97913E250182B300FF9D66 /* ExploreViewController.swift */; };
		BE979141250182D200FF9D66 /* SavedViewController.swift in Sources */ = {isa = PBXBuildFile; fileRef = BE979140250182D200FF9D66 /* SavedViewController.swift */; };
		BE979143250182EB00FF9D66 /* AlertsViewController.swift in Sources */ = {isa = PBXBuildFile; fileRef = BE979142250182EB00FF9D66 /* AlertsViewController.swift */; };
		BE979145250182FB00FF9D66 /* ProfileViewController.swift in Sources */ = {isa = PBXBuildFile; fileRef = BE979144250182FB00FF9D66 /* ProfileViewController.swift */; };
		BEEE1720250418FD00ADF35F /* Montserrat-Bold.ttf in Resources */ = {isa = PBXBuildFile; fileRef = BEEE171F250418FD00ADF35F /* Montserrat-Bold.ttf */; };
		BEEE17242504D34E00ADF35F /* SearchViewController.swift in Sources */ = {isa = PBXBuildFile; fileRef = BEEE17232504D34E00ADF35F /* SearchViewController.swift */; };
		BEF578CE2502D10C008E8D5C /* Bundle-Decodable.swift in Sources */ = {isa = PBXBuildFile; fileRef = BEF578CD2502D10C008E8D5C /* Bundle-Decodable.swift */; };
		BEF578D12502D421008E8D5C /* appstore.json in Resources */ = {isa = PBXBuildFile; fileRef = BEF578D02502D421008E8D5C /* appstore.json */; };
		BEF578D52502DC53008E8D5C /* SelfConfiguringCell.swift in Sources */ = {isa = PBXBuildFile; fileRef = BEF578D42502DC53008E8D5C /* SelfConfiguringCell.swift */; };
		BEF578D82502DD64008E8D5C /* JustInCell.swift in Sources */ = {isa = PBXBuildFile; fileRef = BEF578D72502DD64008E8D5C /* JustInCell.swift */; };
		BEF578DC2502DFF3008E8D5C /* Montserrat-SemiBold.ttf in Resources */ = {isa = PBXBuildFile; fileRef = BEF578DB2502DFF3008E8D5C /* Montserrat-SemiBold.ttf */; };
		BEFCA1322504ECD600C3E31B /* searchResults.json in Resources */ = {isa = PBXBuildFile; fileRef = BEFCA1312504ECD600C3E31B /* searchResults.json */; };
		BEFCA1342504EFB300C3E31B /* SearchResultsCell.swift in Sources */ = {isa = PBXBuildFile; fileRef = BEFCA1332504EFB200C3E31B /* SearchResultsCell.swift */; };
/* End PBXBuildFile section */

/* Begin PBXFileReference section */
		BE3A028D2503C6D4001CF633 /* SectionHeader.swift */ = {isa = PBXFileReference; lastKnownFileType = sourcecode.swift; path = SectionHeader.swift; sourceTree = "<group>"; };
		BE3DCDBD2503AF1D00BAA5DE /* DesignerHomesCell.swift */ = {isa = PBXFileReference; lastKnownFileType = sourcecode.swift; path = DesignerHomesCell.swift; sourceTree = "<group>"; };
		BE74087E2502CBB900BFC2B5 /* realestate.json */ = {isa = PBXFileReference; fileEncoding = 4; lastKnownFileType = text.json; path = realestate.json; sourceTree = SOURCE_ROOT; };
		BE7408802502CDA700BFC2B5 /* Apartment.swift */ = {isa = PBXFileReference; lastKnownFileType = sourcecode.swift; path = Apartment.swift; sourceTree = "<group>"; };
		BE7408832502CE7400BFC2B5 /* Section.swift */ = {isa = PBXFileReference; lastKnownFileType = sourcecode.swift; path = Section.swift; sourceTree = "<group>"; };
		BE97912325017DC700FF9D66 /* Real Estate App.app */ = {isa = PBXFileReference; explicitFileType = wrapper.application; includeInIndex = 0; path = "Real Estate App.app"; sourceTree = BUILT_PRODUCTS_DIR; };
		BE97912625017DC700FF9D66 /* AppDelegate.swift */ = {isa = PBXFileReference; lastKnownFileType = sourcecode.swift; path = AppDelegate.swift; sourceTree = "<group>"; };
		BE97912825017DC700FF9D66 /* SceneDelegate.swift */ = {isa = PBXFileReference; lastKnownFileType = sourcecode.swift; path = SceneDelegate.swift; sourceTree = "<group>"; };
		BE97912A25017DC700FF9D66 /* ViewController.swift */ = {isa = PBXFileReference; lastKnownFileType = sourcecode.swift; path = ViewController.swift; sourceTree = "<group>"; };
		BE97912D25017DC700FF9D66 /* Base */ = {isa = PBXFileReference; lastKnownFileType = file.storyboard; name = Base; path = Base.lproj/Main.storyboard; sourceTree = "<group>"; };
		BE97912F25017DC900FF9D66 /* Assets.xcassets */ = {isa = PBXFileReference; lastKnownFileType = folder.assetcatalog; path = Assets.xcassets; sourceTree = "<group>"; };
		BE97913225017DC900FF9D66 /* Base */ = {isa = PBXFileReference; lastKnownFileType = file.storyboard; name = Base; path = Base.lproj/LaunchScreen.storyboard; sourceTree = "<group>"; };
		BE97913425017DC900FF9D66 /* Info.plist */ = {isa = PBXFileReference; lastKnownFileType = text.plist.xml; path = Info.plist; sourceTree = "<group>"; };
		BE97913A2501809500FF9D66 /* Montserrat-Medium.ttf */ = {isa = PBXFileReference; lastKnownFileType = file; path = "Montserrat-Medium.ttf"; sourceTree = "<group>"; };
		BE97913C2501821600FF9D66 /* MainTabBarController.swift */ = {isa = PBXFileReference; lastKnownFileType = sourcecode.swift; path = MainTabBarController.swift; sourceTree = "<group>"; };
		BE97913E250182B300FF9D66 /* ExploreViewController.swift */ = {isa = PBXFileReference; lastKnownFileType = sourcecode.swift; path = ExploreViewController.swift; sourceTree = "<group>"; };
		BE979140250182D200FF9D66 /* SavedViewController.swift */ = {isa = PBXFileReference; lastKnownFileType = sourcecode.swift; path = SavedViewController.swift; sourceTree = "<group>"; };
		BE979142250182EB00FF9D66 /* AlertsViewController.swift */ = {isa = PBXFileReference; lastKnownFileType = sourcecode.swift; path = AlertsViewController.swift; sourceTree = "<group>"; };
		BE979144250182FB00FF9D66 /* ProfileViewController.swift */ = {isa = PBXFileReference; lastKnownFileType = sourcecode.swift; path = ProfileViewController.swift; sourceTree = "<group>"; };
		BEEE171F250418FD00ADF35F /* Montserrat-Bold.ttf */ = {isa = PBXFileReference; lastKnownFileType = file; path = "Montserrat-Bold.ttf"; sourceTree = "<group>"; };
		BEEE17232504D34E00ADF35F /* SearchViewController.swift */ = {isa = PBXFileReference; lastKnownFileType = sourcecode.swift; path = SearchViewController.swift; sourceTree = "<group>"; };
		BEF578CD2502D10C008E8D5C /* Bundle-Decodable.swift */ = {isa = PBXFileReference; lastKnownFileType = sourcecode.swift; path = "Bundle-Decodable.swift"; sourceTree = "<group>"; };
		BEF578D02502D421008E8D5C /* appstore.json */ = {isa = PBXFileReference; fileEncoding = 4; lastKnownFileType = text.json; path = appstore.json; sourceTree = "<group>"; };
		BEF578D42502DC53008E8D5C /* SelfConfiguringCell.swift */ = {isa = PBXFileReference; lastKnownFileType = sourcecode.swift; path = SelfConfiguringCell.swift; sourceTree = "<group>"; };
		BEF578D72502DD64008E8D5C /* JustInCell.swift */ = {isa = PBXFileReference; lastKnownFileType = sourcecode.swift; path = JustInCell.swift; sourceTree = "<group>"; };
		BEF578DB2502DFF3008E8D5C /* Montserrat-SemiBold.ttf */ = {isa = PBXFileReference; lastKnownFileType = file; path = "Montserrat-SemiBold.ttf"; sourceTree = "<group>"; };
		BEFCA1312504ECD600C3E31B /* searchResults.json */ = {isa = PBXFileReference; fileEncoding = 4; lastKnownFileType = text.json; path = searchResults.json; sourceTree = "<group>"; };
		BEFCA1332504EFB200C3E31B /* SearchResultsCell.swift */ = {isa = PBXFileReference; lastKnownFileType = sourcecode.swift; path = SearchResultsCell.swift; sourceTree = "<group>"; };
/* End PBXFileReference section */

/* Begin PBXFrameworksBuildPhase section */
		BE97912025017DC700FF9D66 /* Frameworks */ = {
			isa = PBXFrameworksBuildPhase;
			buildActionMask = 2147483647;
			files = (
			);
			runOnlyForDeploymentPostprocessing = 0;
		};
/* End PBXFrameworksBuildPhase section */

/* Begin PBXGroup section */
		BE3A028F2503C6F6001CF633 /* Suplementary */ = {
			isa = PBXGroup;
			children = (
				BE3A028D2503C6D4001CF633 /* SectionHeader.swift */,
			);
			path = Suplementary;
			sourceTree = "<group>";
		};
		BE7408822502CDAC00BFC2B5 /* Models */ = {
			isa = PBXGroup;
			children = (
				BE7408802502CDA700BFC2B5 /* Apartment.swift */,
				BE7408832502CE7400BFC2B5 /* Section.swift */,
			);
			path = Models;
			sourceTree = "<group>";
		};
		BE97911A25017DC700FF9D66 = {
			isa = PBXGroup;
			children = (
				BE97912525017DC700FF9D66 /* Real Estate App */,
				BE97912425017DC700FF9D66 /* Products */,
			);
			sourceTree = "<group>";
		};
		BE97912425017DC700FF9D66 /* Products */ = {
			isa = PBXGroup;
			children = (
				BE97912325017DC700FF9D66 /* Real Estate App.app */,
			);
			name = Products;
			sourceTree = "<group>";
		};
		BE97912525017DC700FF9D66 /* Real Estate App */ = {
			isa = PBXGroup;
			children = (
				BE97912625017DC700FF9D66 /* AppDelegate.swift */,
				BE97912825017DC700FF9D66 /* SceneDelegate.swift */,
				BE7408822502CDAC00BFC2B5 /* Models */,
				BE9791462501830D00FF9D66 /* Controllers */,
				BEF578DA2502DDAA008E8D5C /* View */,
				BEF578D62502DC75008E8D5C /* Protocols */,
				BEF578CF2502D148008E8D5C /* Extensions */,
				BE97912A25017DC700FF9D66 /* ViewController.swift */,
				BE97912C25017DC700FF9D66 /* Main.storyboard */,
				BE97912F25017DC900FF9D66 /* Assets.xcassets */,
				BEFCA1312504ECD600C3E31B /* searchResults.json */,
				BE74087E2502CBB900BFC2B5 /* realestate.json */,
				BEF578D02502D421008E8D5C /* appstore.json */,
				BE97913125017DC900FF9D66 /* LaunchScreen.storyboard */,
				BE97913A2501809500FF9D66 /* Montserrat-Medium.ttf */,
				BEF578DB2502DFF3008E8D5C /* Montserrat-SemiBold.ttf */,
				BEEE171F250418FD00ADF35F /* Montserrat-Bold.ttf */,
				BE97913425017DC900FF9D66 /* Info.plist */,
			);
			path = "Real Estate App";
			sourceTree = "<group>";
		};
		BE9791462501830D00FF9D66 /* Controllers */ = {
			isa = PBXGroup;
			children = (
				BE97913C2501821600FF9D66 /* MainTabBarController.swift */,
				BE97913E250182B300FF9D66 /* ExploreViewController.swift */,
				BEEE17232504D34E00ADF35F /* SearchViewController.swift */,
				BE979140250182D200FF9D66 /* SavedViewController.swift */,
				BE979142250182EB00FF9D66 /* AlertsViewController.swift */,
				BE979144250182FB00FF9D66 /* ProfileViewController.swift */,
			);
			path = Controllers;
			sourceTree = "<group>";
		};
		BEF578CF2502D148008E8D5C /* Extensions */ = {
			isa = PBXGroup;
			children = (
				BEF578CD2502D10C008E8D5C /* Bundle-Decodable.swift */,
			);
			path = Extensions;
			sourceTree = "<group>";
		};
		BEF578D62502DC75008E8D5C /* Protocols */ = {
			isa = PBXGroup;
			children = (
				BEF578D42502DC53008E8D5C /* SelfConfiguringCell.swift */,
			);
			path = Protocols;
			sourceTree = "<group>";
		};
		BEF578D92502DD6B008E8D5C /* Cell */ = {
			isa = PBXGroup;
			children = (
				BEF578D72502DD64008E8D5C /* JustInCell.swift */,
				BE3DCDBD2503AF1D00BAA5DE /* DesignerHomesCell.swift */,
				BEFCA1332504EFB200C3E31B /* SearchResultsCell.swift */,
			);
			path = Cell;
			sourceTree = "<group>";
		};
		BEF578DA2502DDAA008E8D5C /* View */ = {
			isa = PBXGroup;
			children = (
				BE3A028F2503C6F6001CF633 /* Suplementary */,
				BEF578D92502DD6B008E8D5C /* Cell */,
			);
			path = View;
			sourceTree = "<group>";
		};
/* End PBXGroup section */

/* Begin PBXNativeTarget section */
		BE97912225017DC700FF9D66 /* Real Estate App */ = {
			isa = PBXNativeTarget;
			buildConfigurationList = BE97913725017DC900FF9D66 /* Build configuration list for PBXNativeTarget "Real Estate App" */;
			buildPhases = (
				BE97911F25017DC700FF9D66 /* Sources */,
				BE97912025017DC700FF9D66 /* Frameworks */,
				BE97912125017DC700FF9D66 /* Resources */,
			);
			buildRules = (
			);
			dependencies = (
			);
			name = "Real Estate App";
			productName = "Real Estate App";
			productReference = BE97912325017DC700FF9D66 /* Real Estate App.app */;
			productType = "com.apple.product-type.application";
		};
/* End PBXNativeTarget section */

/* Begin PBXProject section */
		BE97911B25017DC700FF9D66 /* Project object */ = {
			isa = PBXProject;
			attributes = {
				LastSwiftUpdateCheck = 1170;
				LastUpgradeCheck = 1170;
				ORGANIZATIONNAME = "Bochkarov Valentyn";
				TargetAttributes = {
					BE97912225017DC700FF9D66 = {
						CreatedOnToolsVersion = 11.7;
					};
				};
			};
			buildConfigurationList = BE97911E25017DC700FF9D66 /* Build configuration list for PBXProject "Real Estate App" */;
			compatibilityVersion = "Xcode 9.3";
			developmentRegion = en;
			hasScannedForEncodings = 0;
			knownRegions = (
				en,
				Base,
			);
			mainGroup = BE97911A25017DC700FF9D66;
			productRefGroup = BE97912425017DC700FF9D66 /* Products */;
			projectDirPath = "";
			projectRoot = "";
			targets = (
				BE97912225017DC700FF9D66 /* Real Estate App */,
			);
		};
/* End PBXProject section */

/* Begin PBXResourcesBuildPhase section */
		BE97912125017DC700FF9D66 /* Resources */ = {
			isa = PBXResourcesBuildPhase;
			buildActionMask = 2147483647;
			files = (
				BE97913325017DC900FF9D66 /* LaunchScreen.storyboard in Resources */,
				BEF578D12502D421008E8D5C /* appstore.json in Resources */,
				BE97913025017DC900FF9D66 /* Assets.xcassets in Resources */,
				BEF578DC2502DFF3008E8D5C /* Montserrat-SemiBold.ttf in Resources */,
				BEFCA1322504ECD600C3E31B /* searchResults.json in Resources */,
				BEEE1720250418FD00ADF35F /* Montserrat-Bold.ttf in Resources */,
				BE74087F2502CBB900BFC2B5 /* realestate.json in Resources */,
				BE97913B2501809500FF9D66 /* Montserrat-Medium.ttf in Resources */,
				BE97912E25017DC700FF9D66 /* Main.storyboard in Resources */,
			);
			runOnlyForDeploymentPostprocessing = 0;
		};
/* End PBXResourcesBuildPhase section */

/* Begin PBXSourcesBuildPhase section */
		BE97911F25017DC700FF9D66 /* Sources */ = {
			isa = PBXSourcesBuildPhase;
			buildActionMask = 2147483647;
			files = (
				BE979141250182D200FF9D66 /* SavedViewController.swift in Sources */,
				BE97912B25017DC700FF9D66 /* ViewController.swift in Sources */,
				BE3A028E2503C6D4001CF633 /* SectionHeader.swift in Sources */,
				BE979143250182EB00FF9D66 /* AlertsViewController.swift in Sources */,
				BE97912725017DC700FF9D66 /* AppDelegate.swift in Sources */,
				BE97913F250182B300FF9D66 /* ExploreViewController.swift in Sources */,
				BEFCA1342504EFB300C3E31B /* SearchResultsCell.swift in Sources */,
				BEF578D52502DC53008E8D5C /* SelfConfiguringCell.swift in Sources */,
				BE7408842502CE7400BFC2B5 /* Section.swift in Sources */,
				BE3DCDBE2503AF1D00BAA5DE /* DesignerHomesCell.swift in Sources */,
				BEF578D82502DD64008E8D5C /* JustInCell.swift in Sources */,
				BEEE17242504D34E00ADF35F /* SearchViewController.swift in Sources */,
				BEF578CE2502D10C008E8D5C /* Bundle-Decodable.swift in Sources */,
				BE7408812502CDA700BFC2B5 /* Apartment.swift in Sources */,
				BE97913D2501821600FF9D66 /* MainTabBarController.swift in Sources */,
				BE979145250182FB00FF9D66 /* ProfileViewController.swift in Sources */,
				BE97912925017DC700FF9D66 /* SceneDelegate.swift in Sources */,
			);
			runOnlyForDeploymentPostprocessing = 0;
		};
/* End PBXSourcesBuildPhase section */

/* Begin PBXVariantGroup section */
		BE97912C25017DC700FF9D66 /* Main.storyboard */ = {
			isa = PBXVariantGroup;
			children = (
				BE97912D25017DC700FF9D66 /* Base */,
			);
			name = Main.storyboard;
			sourceTree = "<group>";
		};
		BE97913125017DC900FF9D66 /* LaunchScreen.storyboard */ = {
			isa = PBXVariantGroup;
			children = (
				BE97913225017DC900FF9D66 /* Base */,
			);
			name = LaunchScreen.storyboard;
			sourceTree = "<group>";
		};
/* End PBXVariantGroup section */

/* Begin XCBuildConfiguration section */
		BE97913525017DC900FF9D66 /* Debug */ = {
			isa = XCBuildConfiguration;
			buildSettings = {
				ALWAYS_SEARCH_USER_PATHS = NO;
				CLANG_ANALYZER_NONNULL = YES;
				CLANG_ANALYZER_NUMBER_OBJECT_CONVERSION = YES_AGGRESSIVE;
				CLANG_CXX_LANGUAGE_STANDARD = "gnu++14";
				CLANG_CXX_LIBRARY = "libc++";
				CLANG_ENABLE_MODULES = YES;
				CLANG_ENABLE_OBJC_ARC = YES;
				CLANG_ENABLE_OBJC_WEAK = YES;
				CLANG_WARN_BLOCK_CAPTURE_AUTORELEASING = YES;
				CLANG_WARN_BOOL_CONVERSION = YES;
				CLANG_WARN_COMMA = YES;
				CLANG_WARN_CONSTANT_CONVERSION = YES;
				CLANG_WARN_DEPRECATED_OBJC_IMPLEMENTATIONS = YES;
				CLANG_WARN_DIRECT_OBJC_ISA_USAGE = YES_ERROR;
				CLANG_WARN_DOCUMENTATION_COMMENTS = YES;
				CLANG_WARN_EMPTY_BODY = YES;
				CLANG_WARN_ENUM_CONVERSION = YES;
				CLANG_WARN_INFINITE_RECURSION = YES;
				CLANG_WARN_INT_CONVERSION = YES;
				CLANG_WARN_NON_LITERAL_NULL_CONVERSION = YES;
				CLANG_WARN_OBJC_IMPLICIT_RETAIN_SELF = YES;
				CLANG_WARN_OBJC_LITERAL_CONVERSION = YES;
				CLANG_WARN_OBJC_ROOT_CLASS = YES_ERROR;
				CLANG_WARN_RANGE_LOOP_ANALYSIS = YES;
				CLANG_WARN_STRICT_PROTOTYPES = YES;
				CLANG_WARN_SUSPICIOUS_MOVE = YES;
				CLANG_WARN_UNGUARDED_AVAILABILITY = YES_AGGRESSIVE;
				CLANG_WARN_UNREACHABLE_CODE = YES;
				CLANG_WARN__DUPLICATE_METHOD_MATCH = YES;
				COPY_PHASE_STRIP = NO;
				DEBUG_INFORMATION_FORMAT = dwarf;
				ENABLE_STRICT_OBJC_MSGSEND = YES;
				ENABLE_TESTABILITY = YES;
				GCC_C_LANGUAGE_STANDARD = gnu11;
				GCC_DYNAMIC_NO_PIC = NO;
				GCC_NO_COMMON_BLOCKS = YES;
				GCC_OPTIMIZATION_LEVEL = 0;
				GCC_PREPROCESSOR_DEFINITIONS = (
					"DEBUG=1",
					"$(inherited)",
				);
				GCC_WARN_64_TO_32_BIT_CONVERSION = YES;
				GCC_WARN_ABOUT_RETURN_TYPE = YES_ERROR;
				GCC_WARN_UNDECLARED_SELECTOR = YES;
				GCC_WARN_UNINITIALIZED_AUTOS = YES_AGGRESSIVE;
				GCC_WARN_UNUSED_FUNCTION = YES;
				GCC_WARN_UNUSED_VARIABLE = YES;
				IPHONEOS_DEPLOYMENT_TARGET = 13.7;
				MTL_ENABLE_DEBUG_INFO = INCLUDE_SOURCE;
				MTL_FAST_MATH = YES;
				ONLY_ACTIVE_ARCH = YES;
				SDKROOT = iphoneos;
				SWIFT_ACTIVE_COMPILATION_CONDITIONS = DEBUG;
				SWIFT_OPTIMIZATION_LEVEL = "-Onone";
			};
			name = Debug;
		};
		BE97913625017DC900FF9D66 /* Release */ = {
			isa = XCBuildConfiguration;
			buildSettings = {
				ALWAYS_SEARCH_USER_PATHS = NO;
				CLANG_ANALYZER_NONNULL = YES;
				CLANG_ANALYZER_NUMBER_OBJECT_CONVERSION = YES_AGGRESSIVE;
				CLANG_CXX_LANGUAGE_STANDARD = "gnu++14";
				CLANG_CXX_LIBRARY = "libc++";
				CLANG_ENABLE_MODULES = YES;
				CLANG_ENABLE_OBJC_ARC = YES;
				CLANG_ENABLE_OBJC_WEAK = YES;
				CLANG_WARN_BLOCK_CAPTURE_AUTORELEASING = YES;
				CLANG_WARN_BOOL_CONVERSION = YES;
				CLANG_WARN_COMMA = YES;
				CLANG_WARN_CONSTANT_CONVERSION = YES;
				CLANG_WARN_DEPRECATED_OBJC_IMPLEMENTATIONS = YES;
				CLANG_WARN_DIRECT_OBJC_ISA_USAGE = YES_ERROR;
				CLANG_WARN_DOCUMENTATION_COMMENTS = YES;
				CLANG_WARN_EMPTY_BODY = YES;
				CLANG_WARN_ENUM_CONVERSION = YES;
				CLANG_WARN_INFINITE_RECURSION = YES;
				CLANG_WARN_INT_CONVERSION = YES;
				CLANG_WARN_NON_LITERAL_NULL_CONVERSION = YES;
				CLANG_WARN_OBJC_IMPLICIT_RETAIN_SELF = YES;
				CLANG_WARN_OBJC_LITERAL_CONVERSION = YES;
				CLANG_WARN_OBJC_ROOT_CLASS = YES_ERROR;
				CLANG_WARN_RANGE_LOOP_ANALYSIS = YES;
				CLANG_WARN_STRICT_PROTOTYPES = YES;
				CLANG_WARN_SUSPICIOUS_MOVE = YES;
				CLANG_WARN_UNGUARDED_AVAILABILITY = YES_AGGRESSIVE;
				CLANG_WARN_UNREACHABLE_CODE = YES;
				CLANG_WARN__DUPLICATE_METHOD_MATCH = YES;
				COPY_PHASE_STRIP = NO;
				DEBUG_INFORMATION_FORMAT = "dwarf-with-dsym";
				ENABLE_NS_ASSERTIONS = NO;
				ENABLE_STRICT_OBJC_MSGSEND = YES;
				GCC_C_LANGUAGE_STANDARD = gnu11;
				GCC_NO_COMMON_BLOCKS = YES;
				GCC_WARN_64_TO_32_BIT_CONVERSION = YES;
				GCC_WARN_ABOUT_RETURN_TYPE = YES_ERROR;
				GCC_WARN_UNDECLARED_SELECTOR = YES;
				GCC_WARN_UNINITIALIZED_AUTOS = YES_AGGRESSIVE;
				GCC_WARN_UNUSED_FUNCTION = YES;
				GCC_WARN_UNUSED_VARIABLE = YES;
				IPHONEOS_DEPLOYMENT_TARGET = 13.7;
				MTL_ENABLE_DEBUG_INFO = NO;
				MTL_FAST_MATH = YES;
				SDKROOT = iphoneos;
				SWIFT_COMPILATION_MODE = wholemodule;
				SWIFT_OPTIMIZATION_LEVEL = "-O";
				VALIDATE_PRODUCT = YES;
			};
			name = Release;
		};
		BE97913825017DC900FF9D66 /* Debug */ = {
			isa = XCBuildConfiguration;
			buildSettings = {
				ASSETCATALOG_COMPILER_APPICON_NAME = AppIcon;
				CODE_SIGN_STYLE = Automatic;
				DEVELOPMENT_TEAM = VGASMDNUX4;
				INFOPLIST_FILE = "Real Estate App/Info.plist";
				LD_RUNPATH_SEARCH_PATHS = (
					"$(inherited)",
					"@executable_path/Frameworks",
				);
				PRODUCT_BUNDLE_IDENTIFIER = "valentinindigo.Real-Estate-App";
				PRODUCT_NAME = "$(TARGET_NAME)";
				SWIFT_VERSION = 5.0;
				TARGETED_DEVICE_FAMILY = "1,2";
			};
			name = Debug;
		};
		BE97913925017DC900FF9D66 /* Release */ = {
			isa = XCBuildConfiguration;
			buildSettings = {
				ASSETCATALOG_COMPILER_APPICON_NAME = AppIcon;
				CODE_SIGN_STYLE = Automatic;
				DEVELOPMENT_TEAM = VGASMDNUX4;
				INFOPLIST_FILE = "Real Estate App/Info.plist";
				LD_RUNPATH_SEARCH_PATHS = (
					"$(inherited)",
					"@executable_path/Frameworks",
				);
				PRODUCT_BUNDLE_IDENTIFIER = "valentinindigo.Real-Estate-App";
				PRODUCT_NAME = "$(TARGET_NAME)";
				SWIFT_VERSION = 5.0;
				TARGETED_DEVICE_FAMILY = "1,2";
			};
			name = Release;
		};
/* End XCBuildConfiguration section */

/* Begin XCConfigurationList section */
		BE97911E25017DC700FF9D66 /* Build configuration list for PBXProject "Real Estate App" */ = {
			isa = XCConfigurationList;
			buildConfigurations = (
				BE97913525017DC900FF9D66 /* Debug */,
				BE97913625017DC900FF9D66 /* Release */,
			);
			defaultConfigurationIsVisible = 0;
			defaultConfigurationName = Release;
		};
		BE97913725017DC900FF9D66 /* Build configuration list for PBXNativeTarget "Real Estate App" */ = {
			isa = XCConfigurationList;
			buildConfigurations = (
				BE97913825017DC900FF9D66 /* Debug */,
				BE97913925017DC900FF9D66 /* Release */,
			);
			defaultConfigurationIsVisible = 0;
			defaultConfigurationName = Release;
		};
/* End XCConfigurationList section */
	};
	rootObject = BE97911B25017DC700FF9D66 /* Project object */;
}
